
Microsoft Visual Studio Solution File, Format Version 12.00
# Visual Studio Version 17
VisualStudioVersion = 17.0.31903.59
MinimumVisualStudioVersion = 10.0.40219.1
Project("{FAE04EC0-301F-11D3-BF4B-00C04F79EFBC}") = "Aura.Foundation", "src\Aura.Foundation\Aura.Foundation.csproj", "{B8D3E9E0-F1A4-4D8E-9C1B-5A2C3D4E5F60}"
EndProject
Project("{FAE04EC0-301F-11D3-BF4B-00C04F79EFBC}") = "Aura.Api", "src\Aura.Api\Aura.Api.csproj", "{D2E3F4A5-B6C7-D8E9-F0A1-B2C3D4E5F6A7}"
EndProject
Project("{FAE04EC0-301F-11D3-BF4B-00C04F79EFBC}") = "Aura.Foundation.Tests", "tests\Aura.Foundation.Tests\Aura.Foundation.Tests.csproj", "{C1A2B3C4-D5E6-F7A8-B9C0-D1E2F3A4B5C6}"
EndProject
Project("{2150E333-8FDC-42A3-9474-1A3956D46DE8}") = "src", "src", "{A1B2C3D4-E5F6-A7B8-C9D0-E1F2A3B4C5D6}"
EndProject
Project("{2150E333-8FDC-42A3-9474-1A3956D46DE8}") = "tests", "tests", "{B2C3D4E5-F6A7-B8C9-D0E1-F2A3B4C5D6E7}"
EndProject
Project("{FAE04EC0-301F-11D3-BF4B-00C04F79EFBC}") = "Aura.AppHost", "src\Aura.AppHost\Aura.AppHost.csproj", "{4F1A5287-CD26-4512-A928-EDF225989EA9}"
EndProject
Project("{FAE04EC0-301F-11D3-BF4B-00C04F79EFBC}") = "Aura.ServiceDefaults", "src\Aura.ServiceDefaults\Aura.ServiceDefaults.csproj", "{BBF5C18E-8B90-4046-BB14-BA60914DE93B}"
EndProject
Project("{FAE04EC0-301F-11D3-BF4B-00C04F79EFBC}") = "Aura.Module.Developer", "src\Aura.Module.Developer\Aura.Module.Developer.csproj", "{9050CB7C-E552-40D9-B55F-22FFA3C2BD96}"
EndProject
Project("{FAE04EC0-301F-11D3-BF4B-00C04F79EFBC}") = "Aura.Tray", "src\Aura.Tray\Aura.Tray.csproj", "{BAE57772-ED47-4E52-8372-FB16DA9D89DC}"
EndProject
Project("{FAE04EC0-301F-11D3-BF4B-00C04F79EFBC}") = "Aura.Api.IntegrationTests", "tests\Aura.Api.IntegrationTests\Aura.Api.IntegrationTests.csproj", "{DD168CEA-09AB-40BC-B809-E9F294218C78}"
EndProject
Project("{FAE04EC0-301F-11D3-BF4B-00C04F79EFBC}") = "Aura.Module.Developer.Tests", "tests\Aura.Module.Developer.Tests\Aura.Module.Developer.Tests.csproj", "{9E5A7509-BDEC-4291-8F91-D30B806A0BD8}"
EndProject
Project("{FAE04EC0-301F-11D3-BF4B-00C04F79EFBC}") = "Aura.Api.Tests", "tests\Aura.Api.Tests\Aura.Api.Tests.csproj", "{D7DA832F-0DD4-472C-946A-E833E06B45F1}"
EndProject
Project("{FAE04EC0-301F-11D3-BF4B-00C04F79EFBC}") = "Aura.Module.Researcher", "src\Aura.Module.Researcher\Aura.Module.Researcher.csproj", "{D8B73676-68AC-4EEC-BA85-5DE20FE753F0}"
EndProject
Project("{FAE04EC0-301F-11D3-BF4B-00C04F79EFBC}") = "Aura.Module.Researcher.Tests", "tests\Aura.Module.Researcher.Tests\Aura.Module.Researcher.Tests.csproj", "{6354F153-3D3C-4F6F-9AE7-EC1FD6E16AB5}"
EndProject
Global
	GlobalSection(SolutionConfigurationPlatforms) = preSolution
		Debug|Any CPU = Debug|Any CPU
		Debug|x64 = Debug|x64
		Debug|x86 = Debug|x86
		Release|Any CPU = Release|Any CPU
		Release|x64 = Release|x64
		Release|x86 = Release|x86
	EndGlobalSection
	GlobalSection(ProjectConfigurationPlatforms) = postSolution
		{B8D3E9E0-F1A4-4D8E-9C1B-5A2C3D4E5F60}.Debug|Any CPU.ActiveCfg = Debug|Any CPU
		{B8D3E9E0-F1A4-4D8E-9C1B-5A2C3D4E5F60}.Debug|Any CPU.Build.0 = Debug|Any CPU
		{B8D3E9E0-F1A4-4D8E-9C1B-5A2C3D4E5F60}.Debug|x64.ActiveCfg = Debug|Any CPU
		{B8D3E9E0-F1A4-4D8E-9C1B-5A2C3D4E5F60}.Debug|x64.Build.0 = Debug|Any CPU
		{B8D3E9E0-F1A4-4D8E-9C1B-5A2C3D4E5F60}.Debug|x86.ActiveCfg = Debug|Any CPU
		{B8D3E9E0-F1A4-4D8E-9C1B-5A2C3D4E5F60}.Debug|x86.Build.0 = Debug|Any CPU
		{B8D3E9E0-F1A4-4D8E-9C1B-5A2C3D4E5F60}.Release|Any CPU.ActiveCfg = Release|Any CPU
		{B8D3E9E0-F1A4-4D8E-9C1B-5A2C3D4E5F60}.Release|Any CPU.Build.0 = Release|Any CPU
		{B8D3E9E0-F1A4-4D8E-9C1B-5A2C3D4E5F60}.Release|x64.ActiveCfg = Release|Any CPU
		{B8D3E9E0-F1A4-4D8E-9C1B-5A2C3D4E5F60}.Release|x64.Build.0 = Release|Any CPU
		{B8D3E9E0-F1A4-4D8E-9C1B-5A2C3D4E5F60}.Release|x86.ActiveCfg = Release|Any CPU
		{B8D3E9E0-F1A4-4D8E-9C1B-5A2C3D4E5F60}.Release|x86.Build.0 = Release|Any CPU
		{D2E3F4A5-B6C7-D8E9-F0A1-B2C3D4E5F6A7}.Debug|Any CPU.ActiveCfg = Debug|Any CPU
		{D2E3F4A5-B6C7-D8E9-F0A1-B2C3D4E5F6A7}.Debug|Any CPU.Build.0 = Debug|Any CPU
		{D2E3F4A5-B6C7-D8E9-F0A1-B2C3D4E5F6A7}.Debug|x64.ActiveCfg = Debug|Any CPU
		{D2E3F4A5-B6C7-D8E9-F0A1-B2C3D4E5F6A7}.Debug|x64.Build.0 = Debug|Any CPU
		{D2E3F4A5-B6C7-D8E9-F0A1-B2C3D4E5F6A7}.Debug|x86.ActiveCfg = Debug|Any CPU
		{D2E3F4A5-B6C7-D8E9-F0A1-B2C3D4E5F6A7}.Debug|x86.Build.0 = Debug|Any CPU
		{D2E3F4A5-B6C7-D8E9-F0A1-B2C3D4E5F6A7}.Release|Any CPU.ActiveCfg = Release|Any CPU
		{D2E3F4A5-B6C7-D8E9-F0A1-B2C3D4E5F6A7}.Release|Any CPU.Build.0 = Release|Any CPU
		{D2E3F4A5-B6C7-D8E9-F0A1-B2C3D4E5F6A7}.Release|x64.ActiveCfg = Release|Any CPU
		{D2E3F4A5-B6C7-D8E9-F0A1-B2C3D4E5F6A7}.Release|x64.Build.0 = Release|Any CPU
		{D2E3F4A5-B6C7-D8E9-F0A1-B2C3D4E5F6A7}.Release|x86.ActiveCfg = Release|Any CPU
		{D2E3F4A5-B6C7-D8E9-F0A1-B2C3D4E5F6A7}.Release|x86.Build.0 = Release|Any CPU
		{C1A2B3C4-D5E6-F7A8-B9C0-D1E2F3A4B5C6}.Debug|Any CPU.ActiveCfg = Debug|Any CPU
		{C1A2B3C4-D5E6-F7A8-B9C0-D1E2F3A4B5C6}.Debug|Any CPU.Build.0 = Debug|Any CPU
		{C1A2B3C4-D5E6-F7A8-B9C0-D1E2F3A4B5C6}.Debug|x64.ActiveCfg = Debug|Any CPU
		{C1A2B3C4-D5E6-F7A8-B9C0-D1E2F3A4B5C6}.Debug|x64.Build.0 = Debug|Any CPU
		{C1A2B3C4-D5E6-F7A8-B9C0-D1E2F3A4B5C6}.Debug|x86.ActiveCfg = Debug|Any CPU
		{C1A2B3C4-D5E6-F7A8-B9C0-D1E2F3A4B5C6}.Debug|x86.Build.0 = Debug|Any CPU
		{C1A2B3C4-D5E6-F7A8-B9C0-D1E2F3A4B5C6}.Release|Any CPU.ActiveCfg = Release|Any CPU
		{C1A2B3C4-D5E6-F7A8-B9C0-D1E2F3A4B5C6}.Release|Any CPU.Build.0 = Release|Any CPU
		{C1A2B3C4-D5E6-F7A8-B9C0-D1E2F3A4B5C6}.Release|x64.ActiveCfg = Release|Any CPU
		{C1A2B3C4-D5E6-F7A8-B9C0-D1E2F3A4B5C6}.Release|x64.Build.0 = Release|Any CPU
		{C1A2B3C4-D5E6-F7A8-B9C0-D1E2F3A4B5C6}.Release|x86.ActiveCfg = Release|Any CPU
		{C1A2B3C4-D5E6-F7A8-B9C0-D1E2F3A4B5C6}.Release|x86.Build.0 = Release|Any CPU
		{4F1A5287-CD26-4512-A928-EDF225989EA9}.Debug|Any CPU.ActiveCfg = Debug|Any CPU
		{4F1A5287-CD26-4512-A928-EDF225989EA9}.Debug|Any CPU.Build.0 = Debug|Any CPU
		{4F1A5287-CD26-4512-A928-EDF225989EA9}.Debug|x64.ActiveCfg = Debug|Any CPU
		{4F1A5287-CD26-4512-A928-EDF225989EA9}.Debug|x64.Build.0 = Debug|Any CPU
		{4F1A5287-CD26-4512-A928-EDF225989EA9}.Debug|x86.ActiveCfg = Debug|Any CPU
		{4F1A5287-CD26-4512-A928-EDF225989EA9}.Debug|x86.Build.0 = Debug|Any CPU
		{4F1A5287-CD26-4512-A928-EDF225989EA9}.Release|Any CPU.ActiveCfg = Release|Any CPU
		{4F1A5287-CD26-4512-A928-EDF225989EA9}.Release|Any CPU.Build.0 = Release|Any CPU
		{4F1A5287-CD26-4512-A928-EDF225989EA9}.Release|x64.ActiveCfg = Release|Any CPU
		{4F1A5287-CD26-4512-A928-EDF225989EA9}.Release|x64.Build.0 = Release|Any CPU
		{4F1A5287-CD26-4512-A928-EDF225989EA9}.Release|x86.ActiveCfg = Release|Any CPU
		{4F1A5287-CD26-4512-A928-EDF225989EA9}.Release|x86.Build.0 = Release|Any CPU
		{BBF5C18E-8B90-4046-BB14-BA60914DE93B}.Debug|Any CPU.ActiveCfg = Debug|Any CPU
		{BBF5C18E-8B90-4046-BB14-BA60914DE93B}.Debug|Any CPU.Build.0 = Debug|Any CPU
		{BBF5C18E-8B90-4046-BB14-BA60914DE93B}.Debug|x64.ActiveCfg = Debug|Any CPU
		{BBF5C18E-8B90-4046-BB14-BA60914DE93B}.Debug|x64.Build.0 = Debug|Any CPU
		{BBF5C18E-8B90-4046-BB14-BA60914DE93B}.Debug|x86.ActiveCfg = Debug|Any CPU
		{BBF5C18E-8B90-4046-BB14-BA60914DE93B}.Debug|x86.Build.0 = Debug|Any CPU
		{BBF5C18E-8B90-4046-BB14-BA60914DE93B}.Release|Any CPU.ActiveCfg = Release|Any CPU
		{BBF5C18E-8B90-4046-BB14-BA60914DE93B}.Release|Any CPU.Build.0 = Release|Any CPU
		{BBF5C18E-8B90-4046-BB14-BA60914DE93B}.Release|x64.ActiveCfg = Release|Any CPU
		{BBF5C18E-8B90-4046-BB14-BA60914DE93B}.Release|x64.Build.0 = Release|Any CPU
		{BBF5C18E-8B90-4046-BB14-BA60914DE93B}.Release|x86.ActiveCfg = Release|Any CPU
		{BBF5C18E-8B90-4046-BB14-BA60914DE93B}.Release|x86.Build.0 = Release|Any CPU
		{9050CB7C-E552-40D9-B55F-22FFA3C2BD96}.Debug|Any CPU.ActiveCfg = Debug|Any CPU
		{9050CB7C-E552-40D9-B55F-22FFA3C2BD96}.Debug|Any CPU.Build.0 = Debug|Any CPU
		{9050CB7C-E552-40D9-B55F-22FFA3C2BD96}.Debug|x64.ActiveCfg = Debug|Any CPU
		{9050CB7C-E552-40D9-B55F-22FFA3C2BD96}.Debug|x64.Build.0 = Debug|Any CPU
		{9050CB7C-E552-40D9-B55F-22FFA3C2BD96}.Debug|x86.ActiveCfg = Debug|Any CPU
		{9050CB7C-E552-40D9-B55F-22FFA3C2BD96}.Debug|x86.Build.0 = Debug|Any CPU
		{9050CB7C-E552-40D9-B55F-22FFA3C2BD96}.Release|Any CPU.ActiveCfg = Release|Any CPU
		{9050CB7C-E552-40D9-B55F-22FFA3C2BD96}.Release|Any CPU.Build.0 = Release|Any CPU
		{9050CB7C-E552-40D9-B55F-22FFA3C2BD96}.Release|x64.ActiveCfg = Release|Any CPU
		{9050CB7C-E552-40D9-B55F-22FFA3C2BD96}.Release|x64.Build.0 = Release|Any CPU
		{9050CB7C-E552-40D9-B55F-22FFA3C2BD96}.Release|x86.ActiveCfg = Release|Any CPU
		{9050CB7C-E552-40D9-B55F-22FFA3C2BD96}.Release|x86.Build.0 = Release|Any CPU
		{BAE57772-ED47-4E52-8372-FB16DA9D89DC}.Debug|Any CPU.ActiveCfg = Debug|Any CPU
		{BAE57772-ED47-4E52-8372-FB16DA9D89DC}.Debug|Any CPU.Build.0 = Debug|Any CPU
		{BAE57772-ED47-4E52-8372-FB16DA9D89DC}.Debug|x64.ActiveCfg = Debug|Any CPU
		{BAE57772-ED47-4E52-8372-FB16DA9D89DC}.Debug|x64.Build.0 = Debug|Any CPU
		{BAE57772-ED47-4E52-8372-FB16DA9D89DC}.Debug|x86.ActiveCfg = Debug|Any CPU
		{BAE57772-ED47-4E52-8372-FB16DA9D89DC}.Debug|x86.Build.0 = Debug|Any CPU
		{BAE57772-ED47-4E52-8372-FB16DA9D89DC}.Release|Any CPU.ActiveCfg = Release|Any CPU
		{BAE57772-ED47-4E52-8372-FB16DA9D89DC}.Release|Any CPU.Build.0 = Release|Any CPU
		{BAE57772-ED47-4E52-8372-FB16DA9D89DC}.Release|x64.ActiveCfg = Release|Any CPU
		{BAE57772-ED47-4E52-8372-FB16DA9D89DC}.Release|x64.Build.0 = Release|Any CPU
		{BAE57772-ED47-4E52-8372-FB16DA9D89DC}.Release|x86.ActiveCfg = Release|Any CPU
		{BAE57772-ED47-4E52-8372-FB16DA9D89DC}.Release|x86.Build.0 = Release|Any CPU
		{DD168CEA-09AB-40BC-B809-E9F294218C78}.Debug|Any CPU.ActiveCfg = Debug|Any CPU
		{DD168CEA-09AB-40BC-B809-E9F294218C78}.Debug|Any CPU.Build.0 = Debug|Any CPU
		{DD168CEA-09AB-40BC-B809-E9F294218C78}.Debug|x64.ActiveCfg = Debug|Any CPU
		{DD168CEA-09AB-40BC-B809-E9F294218C78}.Debug|x64.Build.0 = Debug|Any CPU
		{DD168CEA-09AB-40BC-B809-E9F294218C78}.Debug|x86.ActiveCfg = Debug|Any CPU
		{DD168CEA-09AB-40BC-B809-E9F294218C78}.Debug|x86.Build.0 = Debug|Any CPU
		{DD168CEA-09AB-40BC-B809-E9F294218C78}.Release|Any CPU.ActiveCfg = Release|Any CPU
		{DD168CEA-09AB-40BC-B809-E9F294218C78}.Release|Any CPU.Build.0 = Release|Any CPU
		{DD168CEA-09AB-40BC-B809-E9F294218C78}.Release|x64.ActiveCfg = Release|Any CPU
		{DD168CEA-09AB-40BC-B809-E9F294218C78}.Release|x64.Build.0 = Release|Any CPU
		{DD168CEA-09AB-40BC-B809-E9F294218C78}.Release|x86.ActiveCfg = Release|Any CPU
		{DD168CEA-09AB-40BC-B809-E9F294218C78}.Release|x86.Build.0 = Release|Any CPU
		{9E5A7509-BDEC-4291-8F91-D30B806A0BD8}.Debug|Any CPU.ActiveCfg = Debug|Any CPU
		{9E5A7509-BDEC-4291-8F91-D30B806A0BD8}.Debug|Any CPU.Build.0 = Debug|Any CPU
		{9E5A7509-BDEC-4291-8F91-D30B806A0BD8}.Debug|x64.ActiveCfg = Debug|Any CPU
		{9E5A7509-BDEC-4291-8F91-D30B806A0BD8}.Debug|x64.Build.0 = Debug|Any CPU
		{9E5A7509-BDEC-4291-8F91-D30B806A0BD8}.Debug|x86.ActiveCfg = Debug|Any CPU
		{9E5A7509-BDEC-4291-8F91-D30B806A0BD8}.Debug|x86.Build.0 = Debug|Any CPU
		{9E5A7509-BDEC-4291-8F91-D30B806A0BD8}.Release|Any CPU.ActiveCfg = Release|Any CPU
		{9E5A7509-BDEC-4291-8F91-D30B806A0BD8}.Release|Any CPU.Build.0 = Release|Any CPU
		{9E5A7509-BDEC-4291-8F91-D30B806A0BD8}.Release|x64.ActiveCfg = Release|Any CPU
		{9E5A7509-BDEC-4291-8F91-D30B806A0BD8}.Release|x64.Build.0 = Release|Any CPU
		{9E5A7509-BDEC-4291-8F91-D30B806A0BD8}.Release|x86.ActiveCfg = Release|Any CPU
		{9E5A7509-BDEC-4291-8F91-D30B806A0BD8}.Release|x86.Build.0 = Release|Any CPU
		{D7DA832F-0DD4-472C-946A-E833E06B45F1}.Debug|Any CPU.ActiveCfg = Debug|Any CPU
		{D7DA832F-0DD4-472C-946A-E833E06B45F1}.Debug|Any CPU.Build.0 = Debug|Any CPU
		{D7DA832F-0DD4-472C-946A-E833E06B45F1}.Debug|x64.ActiveCfg = Debug|Any CPU
		{D7DA832F-0DD4-472C-946A-E833E06B45F1}.Debug|x64.Build.0 = Debug|Any CPU
		{D7DA832F-0DD4-472C-946A-E833E06B45F1}.Debug|x86.ActiveCfg = Debug|Any CPU
		{D7DA832F-0DD4-472C-946A-E833E06B45F1}.Debug|x86.Build.0 = Debug|Any CPU
		{D7DA832F-0DD4-472C-946A-E833E06B45F1}.Release|Any CPU.ActiveCfg = Release|Any CPU
		{D7DA832F-0DD4-472C-946A-E833E06B45F1}.Release|Any CPU.Build.0 = Release|Any CPU
		{D7DA832F-0DD4-472C-946A-E833E06B45F1}.Release|x64.ActiveCfg = Release|Any CPU
		{D7DA832F-0DD4-472C-946A-E833E06B45F1}.Release|x64.Build.0 = Release|Any CPU
		{D7DA832F-0DD4-472C-946A-E833E06B45F1}.Release|x86.ActiveCfg = Release|Any CPU
		{D7DA832F-0DD4-472C-946A-E833E06B45F1}.Release|x86.Build.0 = Release|Any CPU
		{D8B73676-68AC-4EEC-BA85-5DE20FE753F0}.Debug|Any CPU.ActiveCfg = Debug|Any CPU
		{D8B73676-68AC-4EEC-BA85-5DE20FE753F0}.Debug|Any CPU.Build.0 = Debug|Any CPU
		{D8B73676-68AC-4EEC-BA85-5DE20FE753F0}.Debug|x64.ActiveCfg = Debug|Any CPU
		{D8B73676-68AC-4EEC-BA85-5DE20FE753F0}.Debug|x64.Build.0 = Debug|Any CPU
		{D8B73676-68AC-4EEC-BA85-5DE20FE753F0}.Debug|x86.ActiveCfg = Debug|Any CPU
		{D8B73676-68AC-4EEC-BA85-5DE20FE753F0}.Debug|x86.Build.0 = Debug|Any CPU
		{D8B73676-68AC-4EEC-BA85-5DE20FE753F0}.Release|Any CPU.ActiveCfg = Release|Any CPU
		{D8B73676-68AC-4EEC-BA85-5DE20FE753F0}.Release|Any CPU.Build.0 = Release|Any CPU
		{D8B73676-68AC-4EEC-BA85-5DE20FE753F0}.Release|x64.ActiveCfg = Release|Any CPU
		{D8B73676-68AC-4EEC-BA85-5DE20FE753F0}.Release|x64.Build.0 = Release|Any CPU
		{D8B73676-68AC-4EEC-BA85-5DE20FE753F0}.Release|x86.ActiveCfg = Release|Any CPU
		{D8B73676-68AC-4EEC-BA85-5DE20FE753F0}.Release|x86.Build.0 = Release|Any CPU
		{6354F153-3D3C-4F6F-9AE7-EC1FD6E16AB5}.Debug|Any CPU.ActiveCfg = Debug|Any CPU
		{6354F153-3D3C-4F6F-9AE7-EC1FD6E16AB5}.Debug|Any CPU.Build.0 = Debug|Any CPU
		{6354F153-3D3C-4F6F-9AE7-EC1FD6E16AB5}.Debug|x64.ActiveCfg = Debug|Any CPU
		{6354F153-3D3C-4F6F-9AE7-EC1FD6E16AB5}.Debug|x64.Build.0 = Debug|Any CPU
		{6354F153-3D3C-4F6F-9AE7-EC1FD6E16AB5}.Debug|x86.ActiveCfg = Debug|Any CPU
		{6354F153-3D3C-4F6F-9AE7-EC1FD6E16AB5}.Debug|x86.Build.0 = Debug|Any CPU
		{6354F153-3D3C-4F6F-9AE7-EC1FD6E16AB5}.Release|Any CPU.ActiveCfg = Release|Any CPU
		{6354F153-3D3C-4F6F-9AE7-EC1FD6E16AB5}.Release|Any CPU.Build.0 = Release|Any CPU
		{6354F153-3D3C-4F6F-9AE7-EC1FD6E16AB5}.Release|x64.ActiveCfg = Release|Any CPU
		{6354F153-3D3C-4F6F-9AE7-EC1FD6E16AB5}.Release|x64.Build.0 = Release|Any CPU
		{6354F153-3D3C-4F6F-9AE7-EC1FD6E16AB5}.Release|x86.ActiveCfg = Release|Any CPU
		{6354F153-3D3C-4F6F-9AE7-EC1FD6E16AB5}.Release|x86.Build.0 = Release|Any CPU
	EndGlobalSection
	GlobalSection(SolutionProperties) = preSolution
		HideSolutionNode = FALSE
	EndGlobalSection
	GlobalSection(NestedProjects) = preSolution
		{B8D3E9E0-F1A4-4D8E-9C1B-5A2C3D4E5F60} = {A1B2C3D4-E5F6-A7B8-C9D0-E1F2A3B4C5D6}
		{D2E3F4A5-B6C7-D8E9-F0A1-B2C3D4E5F6A7} = {A1B2C3D4-E5F6-A7B8-C9D0-E1F2A3B4C5D6}
		{C1A2B3C4-D5E6-F7A8-B9C0-D1E2F3A4B5C6} = {B2C3D4E5-F6A7-B8C9-D0E1-F2A3B4C5D6E7}
		{4F1A5287-CD26-4512-A928-EDF225989EA9} = {A1B2C3D4-E5F6-A7B8-C9D0-E1F2A3B4C5D6}
		{BBF5C18E-8B90-4046-BB14-BA60914DE93B} = {A1B2C3D4-E5F6-A7B8-C9D0-E1F2A3B4C5D6}
		{9050CB7C-E552-40D9-B55F-22FFA3C2BD96} = {A1B2C3D4-E5F6-A7B8-C9D0-E1F2A3B4C5D6}
		{BAE57772-ED47-4E52-8372-FB16DA9D89DC} = {A1B2C3D4-E5F6-A7B8-C9D0-E1F2A3B4C5D6}
		{DD168CEA-09AB-40BC-B809-E9F294218C78} = {B2C3D4E5-F6A7-B8C9-D0E1-F2A3B4C5D6E7}
		{9E5A7509-BDEC-4291-8F91-D30B806A0BD8} = {B2C3D4E5-F6A7-B8C9-D0E1-F2A3B4C5D6E7}
		{D7DA832F-0DD4-472C-946A-E833E06B45F1} = {B2C3D4E5-F6A7-B8C9-D0E1-F2A3B4C5D6E7}
		{D8B73676-68AC-4EEC-BA85-5DE20FE753F0} = {A1B2C3D4-E5F6-A7B8-C9D0-E1F2A3B4C5D6}
		{6354F153-3D3C-4F6F-9AE7-EC1FD6E16AB5} = {B2C3D4E5-F6A7-B8C9-D0E1-F2A3B4C5D6E7}
	EndGlobalSection
EndGlobal
