
Microsoft Visual Studio Solution File, Format Version 12.00
# Visual Studio Version 17
VisualStudioVersion = 17.0.31903.59
MinimumVisualStudioVersion = 10.0.40219.1
Project("{FAE04EC0-301F-11D3-BF4B-00C04F79EFBC}") = "Aura.Foundation", "src\Aura.Foundation\Aura.Foundation.csproj", "{B8D3E9E0-F1A4-4D8E-9C1B-5A2C3D4E5F60}"
EndProject
Project("{FAE04EC0-301F-11D3-BF4B-00C04F79EFBC}") = "Aura.Api", "src\Aura.Api\Aura.Api.csproj", "{D2E3F4A5-B6C7-D8E9-F0A1-B2C3D4E5F6A7}"
EndProject
Project("{FAE04EC0-301F-11D3-BF4B-00C04F79EFBC}") = "Aura.Foundation.Tests", "tests\Aura.Foundation.Tests\Aura.Foundation.Tests.csproj", "{C1A2B3C4-D5E6-F7A8-B9C0-D1E2F3A4B5C6}"
EndProject
Project("{2150E333-8FDC-42A3-9474-1A3956D46DE8}") = "src", "src", "{A1B2C3D4-E5F6-A7B8-C9D0-E1F2A3B4C5D6}"
EndProject
Project("{2150E333-8FDC-42A3-9474-1A3956D46DE8}") = "tests", "tests", "{B2C3D4E5-F6A7-B8C9-D0E1-F2A3B4C5D6E7}"
EndProject
Project("{FAE04EC0-301F-11D3-BF4B-00C04F79EFBC}") = "Aura.AppHost", "src\Aura.AppHost\Aura.AppHost.csproj", "{4F1A5287-CD26-4512-A928-EDF225989EA9}"
EndProject
Project("{FAE04EC0-301F-11D3-BF4B-00C04F79EFBC}") = "Aura.ServiceDefaults", "src\Aura.ServiceDefaults\Aura.ServiceDefaults.csproj", "{BBF5C18E-8B90-4046-BB14-BA60914DE93B}"
EndProject
Project("{FAE04EC0-301F-11D3-BF4B-00C04F79EFBC}") = "Aura.Module.Developer", "src\Aura.Module.Developer\Aura.Module.Developer.csproj", "{9050CB7C-E552-40D9-B55F-22FFA3C2BD96}"
EndProject
Project("{FAE04EC0-301F-11D3-BF4B-00C04F79EFBC}") = "Aura.Api.Tests", "tests\Aura.Api.Tests\Aura.Api.Tests.csproj", "{E5F027CC-AC0E-44C9-82A6-C352AD5B6484}"
EndProject
Project("{FAE04EC0-301F-11D3-BF4B-00C04F79EFBC}") = "Aura.Integration.Tests", "tests\Aura.Integration.Tests\Aura.Integration.Tests.csproj", "{79E14515-2506-4255-9ECB-A91C07B0A417}"
EndProject
Global
	GlobalSection(SolutionConfigurationPlatforms) = preSolution
		Debug|Any CPU = Debug|Any CPU
		Debug|x64 = Debug|x64
		Debug|x86 = Debug|x86
		Release|Any CPU = Release|Any CPU
		Release|x64 = Release|x64
		Release|x86 = Release|x86
	EndGlobalSection
	GlobalSection(ProjectConfigurationPlatforms) = postSolution
		{B8D3E9E0-F1A4-4D8E-9C1B-5A2C3D4E5F60}.Debug|Any CPU.ActiveCfg = Debug|Any CPU
		{B8D3E9E0-F1A4-4D8E-9C1B-5A2C3D4E5F60}.Debug|Any CPU.Build.0 = Debug|Any CPU
		{B8D3E9E0-F1A4-4D8E-9C1B-5A2C3D4E5F60}.Debug|x64.ActiveCfg = Debug|Any CPU
		{B8D3E9E0-F1A4-4D8E-9C1B-5A2C3D4E5F60}.Debug|x64.Build.0 = Debug|Any CPU
		{B8D3E9E0-F1A4-4D8E-9C1B-5A2C3D4E5F60}.Debug|x86.ActiveCfg = Debug|Any CPU
		{B8D3E9E0-F1A4-4D8E-9C1B-5A2C3D4E5F60}.Debug|x86.Build.0 = Debug|Any CPU
		{B8D3E9E0-F1A4-4D8E-9C1B-5A2C3D4E5F60}.Release|Any CPU.ActiveCfg = Release|Any CPU
		{B8D3E9E0-F1A4-4D8E-9C1B-5A2C3D4E5F60}.Release|Any CPU.Build.0 = Release|Any CPU
		{B8D3E9E0-F1A4-4D8E-9C1B-5A2C3D4E5F60}.Release|x64.ActiveCfg = Release|Any CPU
		{B8D3E9E0-F1A4-4D8E-9C1B-5A2C3D4E5F60}.Release|x64.Build.0 = Release|Any CPU
		{B8D3E9E0-F1A4-4D8E-9C1B-5A2C3D4E5F60}.Release|x86.ActiveCfg = Release|Any CPU
		{B8D3E9E0-F1A4-4D8E-9C1B-5A2C3D4E5F60}.Release|x86.Build.0 = Release|Any CPU
		{D2E3F4A5-B6C7-D8E9-F0A1-B2C3D4E5F6A7}.Debug|Any CPU.ActiveCfg = Debug|Any CPU
		{D2E3F4A5-B6C7-D8E9-F0A1-B2C3D4E5F6A7}.Debug|Any CPU.Build.0 = Debug|Any CPU
		{D2E3F4A5-B6C7-D8E9-F0A1-B2C3D4E5F6A7}.Debug|x64.ActiveCfg = Debug|Any CPU
		{D2E3F4A5-B6C7-D8E9-F0A1-B2C3D4E5F6A7}.Debug|x64.Build.0 = Debug|Any CPU
		{D2E3F4A5-B6C7-D8E9-F0A1-B2C3D4E5F6A7}.Debug|x86.ActiveCfg = Debug|Any CPU
		{D2E3F4A5-B6C7-D8E9-F0A1-B2C3D4E5F6A7}.Debug|x86.Build.0 = Debug|Any CPU
		{D2E3F4A5-B6C7-D8E9-F0A1-B2C3D4E5F6A7}.Release|Any CPU.ActiveCfg = Release|Any CPU
		{D2E3F4A5-B6C7-D8E9-F0A1-B2C3D4E5F6A7}.Release|Any CPU.Build.0 = Release|Any CPU
		{D2E3F4A5-B6C7-D8E9-F0A1-B2C3D4E5F6A7}.Release|x64.ActiveCfg = Release|Any CPU
		{D2E3F4A5-B6C7-D8E9-F0A1-B2C3D4E5F6A7}.Release|x64.Build.0 = Release|Any CPU
		{D2E3F4A5-B6C7-D8E9-F0A1-B2C3D4E5F6A7}.Release|x86.ActiveCfg = Release|Any CPU
		{D2E3F4A5-B6C7-D8E9-F0A1-B2C3D4E5F6A7}.Release|x86.Build.0 = Release|Any CPU
		{C1A2B3C4-D5E6-F7A8-B9C0-D1E2F3A4B5C6}.Debug|Any CPU.ActiveCfg = Debug|Any CPU
		{C1A2B3C4-D5E6-F7A8-B9C0-D1E2F3A4B5C6}.Debug|Any CPU.Build.0 = Debug|Any CPU
		{C1A2B3C4-D5E6-F7A8-B9C0-D1E2F3A4B5C6}.Debug|x64.ActiveCfg = Debug|Any CPU
		{C1A2B3C4-D5E6-F7A8-B9C0-D1E2F3A4B5C6}.Debug|x64.Build.0 = Debug|Any CPU
		{C1A2B3C4-D5E6-F7A8-B9C0-D1E2F3A4B5C6}.Debug|x86.ActiveCfg = Debug|Any CPU
		{C1A2B3C4-D5E6-F7A8-B9C0-D1E2F3A4B5C6}.Debug|x86.Build.0 = Debug|Any CPU
		{C1A2B3C4-D5E6-F7A8-B9C0-D1E2F3A4B5C6}.Release|Any CPU.ActiveCfg = Release|Any CPU
		{C1A2B3C4-D5E6-F7A8-B9C0-D1E2F3A4B5C6}.Release|Any CPU.Build.0 = Release|Any CPU
		{C1A2B3C4-D5E6-F7A8-B9C0-D1E2F3A4B5C6}.Release|x64.ActiveCfg = Release|Any CPU
		{C1A2B3C4-D5E6-F7A8-B9C0-D1E2F3A4B5C6}.Release|x64.Build.0 = Release|Any CPU
		{C1A2B3C4-D5E6-F7A8-B9C0-D1E2F3A4B5C6}.Release|x86.ActiveCfg = Release|Any CPU
		{C1A2B3C4-D5E6-F7A8-B9C0-D1E2F3A4B5C6}.Release|x86.Build.0 = Release|Any CPU
		{4F1A5287-CD26-4512-A928-EDF225989EA9}.Debug|Any CPU.ActiveCfg = Debug|Any CPU
		{4F1A5287-CD26-4512-A928-EDF225989EA9}.Debug|Any CPU.Build.0 = Debug|Any CPU
		{4F1A5287-CD26-4512-A928-EDF225989EA9}.Debug|x64.ActiveCfg = Debug|Any CPU
		{4F1A5287-CD26-4512-A928-EDF225989EA9}.Debug|x64.Build.0 = Debug|Any CPU
		{4F1A5287-CD26-4512-A928-EDF225989EA9}.Debug|x86.ActiveCfg = Debug|Any CPU
		{4F1A5287-CD26-4512-A928-EDF225989EA9}.Debug|x86.Build.0 = Debug|Any CPU
		{4F1A5287-CD26-4512-A928-EDF225989EA9}.Release|Any CPU.ActiveCfg = Release|Any CPU
		{4F1A5287-CD26-4512-A928-EDF225989EA9}.Release|Any CPU.Build.0 = Release|Any CPU
		{4F1A5287-CD26-4512-A928-EDF225989EA9}.Release|x64.ActiveCfg = Release|Any CPU
		{4F1A5287-CD26-4512-A928-EDF225989EA9}.Release|x64.Build.0 = Release|Any CPU
		{4F1A5287-CD26-4512-A928-EDF225989EA9}.Release|x86.ActiveCfg = Release|Any CPU
		{4F1A5287-CD26-4512-A928-EDF225989EA9}.Release|x86.Build.0 = Release|Any CPU
		{BBF5C18E-8B90-4046-BB14-BA60914DE93B}.Debug|Any CPU.ActiveCfg = Debug|Any CPU
		{BBF5C18E-8B90-4046-BB14-BA60914DE93B}.Debug|Any CPU.Build.0 = Debug|Any CPU
		{BBF5C18E-8B90-4046-BB14-BA60914DE93B}.Debug|x64.ActiveCfg = Debug|Any CPU
		{BBF5C18E-8B90-4046-BB14-BA60914DE93B}.Debug|x64.Build.0 = Debug|Any CPU
		{BBF5C18E-8B90-4046-BB14-BA60914DE93B}.Debug|x86.ActiveCfg = Debug|Any CPU
		{BBF5C18E-8B90-4046-BB14-BA60914DE93B}.Debug|x86.Build.0 = Debug|Any CPU
		{BBF5C18E-8B90-4046-BB14-BA60914DE93B}.Release|Any CPU.ActiveCfg = Release|Any CPU
		{BBF5C18E-8B90-4046-BB14-BA60914DE93B}.Release|Any CPU.Build.0 = Release|Any CPU
		{BBF5C18E-8B90-4046-BB14-BA60914DE93B}.Release|x64.ActiveCfg = Release|Any CPU
		{BBF5C18E-8B90-4046-BB14-BA60914DE93B}.Release|x64.Build.0 = Release|Any CPU
		{BBF5C18E-8B90-4046-BB14-BA60914DE93B}.Release|x86.ActiveCfg = Release|Any CPU
		{BBF5C18E-8B90-4046-BB14-BA60914DE93B}.Release|x86.Build.0 = Release|Any CPU
		{9050CB7C-E552-40D9-B55F-22FFA3C2BD96}.Debug|Any CPU.ActiveCfg = Debug|Any CPU
		{9050CB7C-E552-40D9-B55F-22FFA3C2BD96}.Debug|Any CPU.Build.0 = Debug|Any CPU
		{9050CB7C-E552-40D9-B55F-22FFA3C2BD96}.Debug|x64.ActiveCfg = Debug|Any CPU
		{9050CB7C-E552-40D9-B55F-22FFA3C2BD96}.Debug|x64.Build.0 = Debug|Any CPU
		{9050CB7C-E552-40D9-B55F-22FFA3C2BD96}.Debug|x86.ActiveCfg = Debug|Any CPU
		{9050CB7C-E552-40D9-B55F-22FFA3C2BD96}.Debug|x86.Build.0 = Debug|Any CPU
		{9050CB7C-E552-40D9-B55F-22FFA3C2BD96}.Release|Any CPU.ActiveCfg = Release|Any CPU
		{9050CB7C-E552-40D9-B55F-22FFA3C2BD96}.Release|Any CPU.Build.0 = Release|Any CPU
		{9050CB7C-E552-40D9-B55F-22FFA3C2BD96}.Release|x64.ActiveCfg = Release|Any CPU
		{9050CB7C-E552-40D9-B55F-22FFA3C2BD96}.Release|x64.Build.0 = Release|Any CPU
		{9050CB7C-E552-40D9-B55F-22FFA3C2BD96}.Release|x86.ActiveCfg = Release|Any CPU
		{9050CB7C-E552-40D9-B55F-22FFA3C2BD96}.Release|x86.Build.0 = Release|Any CPU
		{E5F027CC-AC0E-44C9-82A6-C352AD5B6484}.Debug|Any CPU.ActiveCfg = Debug|Any CPU
		{E5F027CC-AC0E-44C9-82A6-C352AD5B6484}.Debug|Any CPU.Build.0 = Debug|Any CPU
		{E5F027CC-AC0E-44C9-82A6-C352AD5B6484}.Debug|x64.ActiveCfg = Debug|Any CPU
		{E5F027CC-AC0E-44C9-82A6-C352AD5B6484}.Debug|x64.Build.0 = Debug|Any CPU
		{E5F027CC-AC0E-44C9-82A6-C352AD5B6484}.Debug|x86.ActiveCfg = Debug|Any CPU
		{E5F027CC-AC0E-44C9-82A6-C352AD5B6484}.Debug|x86.Build.0 = Debug|Any CPU
		{E5F027CC-AC0E-44C9-82A6-C352AD5B6484}.Release|Any CPU.ActiveCfg = Release|Any CPU
		{E5F027CC-AC0E-44C9-82A6-C352AD5B6484}.Release|Any CPU.Build.0 = Release|Any CPU
		{E5F027CC-AC0E-44C9-82A6-C352AD5B6484}.Release|x64.ActiveCfg = Release|Any CPU
		{E5F027CC-AC0E-44C9-82A6-C352AD5B6484}.Release|x64.Build.0 = Release|Any CPU
		{E5F027CC-AC0E-44C9-82A6-C352AD5B6484}.Release|x86.ActiveCfg = Release|Any CPU
		{E5F027CC-AC0E-44C9-82A6-C352AD5B6484}.Release|x86.Build.0 = Release|Any CPU
		{79E14515-2506-4255-9ECB-A91C07B0A417}.Debug|Any CPU.ActiveCfg = Debug|Any CPU
		{79E14515-2506-4255-9ECB-A91C07B0A417}.Debug|Any CPU.Build.0 = Debug|Any CPU
		{79E14515-2506-4255-9ECB-A91C07B0A417}.Debug|x64.ActiveCfg = Debug|Any CPU
		{79E14515-2506-4255-9ECB-A91C07B0A417}.Debug|x64.Build.0 = Debug|Any CPU
		{79E14515-2506-4255-9ECB-A91C07B0A417}.Debug|x86.ActiveCfg = Debug|Any CPU
		{79E14515-2506-4255-9ECB-A91C07B0A417}.Debug|x86.Build.0 = Debug|Any CPU
		{79E14515-2506-4255-9ECB-A91C07B0A417}.Release|Any CPU.ActiveCfg = Release|Any CPU
		{79E14515-2506-4255-9ECB-A91C07B0A417}.Release|Any CPU.Build.0 = Release|Any CPU
		{79E14515-2506-4255-9ECB-A91C07B0A417}.Release|x64.ActiveCfg = Release|Any CPU
		{79E14515-2506-4255-9ECB-A91C07B0A417}.Release|x64.Build.0 = Release|Any CPU
		{79E14515-2506-4255-9ECB-A91C07B0A417}.Release|x86.ActiveCfg = Release|Any CPU
		{79E14515-2506-4255-9ECB-A91C07B0A417}.Release|x86.Build.0 = Release|Any CPU
	EndGlobalSection
	GlobalSection(SolutionProperties) = preSolution
		HideSolutionNode = FALSE
	EndGlobalSection
	GlobalSection(NestedProjects) = preSolution
		{B8D3E9E0-F1A4-4D8E-9C1B-5A2C3D4E5F60} = {A1B2C3D4-E5F6-A7B8-C9D0-E1F2A3B4C5D6}
		{D2E3F4A5-B6C7-D8E9-F0A1-B2C3D4E5F6A7} = {A1B2C3D4-E5F6-A7B8-C9D0-E1F2A3B4C5D6}
		{C1A2B3C4-D5E6-F7A8-B9C0-D1E2F3A4B5C6} = {B2C3D4E5-F6A7-B8C9-D0E1-F2A3B4C5D6E7}
		{4F1A5287-CD26-4512-A928-EDF225989EA9} = {A1B2C3D4-E5F6-A7B8-C9D0-E1F2A3B4C5D6}
		{BBF5C18E-8B90-4046-BB14-BA60914DE93B} = {A1B2C3D4-E5F6-A7B8-C9D0-E1F2A3B4C5D6}
		{9050CB7C-E552-40D9-B55F-22FFA3C2BD96} = {A1B2C3D4-E5F6-A7B8-C9D0-E1F2A3B4C5D6}
		{E5F027CC-AC0E-44C9-82A6-C352AD5B6484} = {B2C3D4E5-F6A7-B8C9-D0E1-F2A3B4C5D6E7}
		{79E14515-2506-4255-9ECB-A91C07B0A417} = {B2C3D4E5-F6A7-B8C9-D0E1-F2A3B4C5D6E7}
	EndGlobalSection
EndGlobal
