
Microsoft Visual Studio Solution File, Format Version 12.00
# Visual Studio Version 17
VisualStudioVersion = 17.0.31903.59
MinimumVisualStudioVersion = 10.0.40219.1
Project("{FAE04EC0-301F-11D3-BF4B-00C04F79EFBC}") = "Aura.Foundation", "src\Aura.Foundation\Aura.Foundation.csproj", "{B8D3E9E0-F1A4-4D8E-9C1B-5A2C3D4E5F60}"
EndProject
Project("{FAE04EC0-301F-11D3-BF4B-00C04F79EFBC}") = "Aura.Api", "src\Aura.Api\Aura.Api.csproj", "{D2E3F4A5-B6C7-D8E9-F0A1-B2C3D4E5F6A7}"
EndProject
Project("{2150E333-8FDC-42A3-9474-1A3956D46DE8}") = "src", "src", "{A1B2C3D4-E5F6-A7B8-C9D0-E1F2A3B4C5D6}"
EndProject
Project("{FAE04EC0-301F-11D3-BF4B-00C04F79EFBC}") = "Aura.ServiceDefaults", "src\Aura.ServiceDefaults\Aura.ServiceDefaults.csproj", "{BBF5C18E-8B90-4046-BB14-BA60914DE93B}"
EndProject
Project("{FAE04EC0-301F-11D3-BF4B-00C04F79EFBC}") = "Aura.Module.Developer", "src\Aura.Module.Developer\Aura.Module.Developer.csproj", "{9050CB7C-E552-40D9-B55F-22FFA3C2BD96}"
EndProject
Project("{FAE04EC0-301F-11D3-BF4B-00C04F79EFBC}") = "Aura.Module.Researcher", "src\Aura.Module.Researcher\Aura.Module.Researcher.csproj", "{D8B73676-68AC-4EEC-BA85-5DE20FE753F0}"
EndProject
Project("{FAE04EC0-301F-11D3-BF4B-00C04F79EFBC}") = "Aura.Tray", "src\Aura.Tray\Aura.Tray.csproj", "{7BA07D9F-EDED-4F42-A20C-99AC3625EE53}"
EndProject
Project("{2150E333-8FDC-42A3-9474-1A3956D46DE8}") = "tests", "tests", "{0AB3BF05-4346-4AA6-1389-037BE0695223}"
EndProject
Project("{FAE04EC0-301F-11D3-BF4B-00C04F79EFBC}") = "Aura.Foundation.Tests", "tests\Aura.Foundation.Tests\Aura.Foundation.Tests.csproj", "{B61C8472-BEE1-42BF-ACEA-71F567905287}"
EndProject
Project("{FAE04EC0-301F-11D3-BF4B-00C04F79EFBC}") = "Aura.Module.Developer.Tests", "tests\Aura.Module.Developer.Tests\Aura.Module.Developer.Tests.csproj", "{DC2F9C22-D69D-42EC-B153-C24A4DA41C06}"
EndProject
Project("{FAE04EC0-301F-11D3-BF4B-00C04F79EFBC}") = "Aura.Module.Researcher.Tests", "tests\Aura.Module.Researcher.Tests\Aura.Module.Researcher.Tests.csproj", "{07C230D2-98F8-4D3C-9EF7-52179F098920}"
EndProject
Global
	GlobalSection(SolutionConfigurationPlatforms) = preSolution
		Debug|Any CPU = Debug|Any CPU
		Debug|x64 = Debug|x64
		Debug|x86 = Debug|x86
		Release|Any CPU = Release|Any CPU
		Release|x64 = Release|x64
		Release|x86 = Release|x86
	EndGlobalSection
	GlobalSection(ProjectConfigurationPlatforms) = postSolution
		{B8D3E9E0-F1A4-4D8E-9C1B-5A2C3D4E5F60}.Debug|Any CPU.ActiveCfg = Debug|Any CPU
		{B8D3E9E0-F1A4-4D8E-9C1B-5A2C3D4E5F60}.Debug|Any CPU.Build.0 = Debug|Any CPU
		{B8D3E9E0-F1A4-4D8E-9C1B-5A2C3D4E5F60}.Debug|x64.ActiveCfg = Debug|Any CPU
		{B8D3E9E0-F1A4-4D8E-9C1B-5A2C3D4E5F60}.Debug|x64.Build.0 = Debug|Any CPU
		{B8D3E9E0-F1A4-4D8E-9C1B-5A2C3D4E5F60}.Debug|x86.ActiveCfg = Debug|Any CPU
		{B8D3E9E0-F1A4-4D8E-9C1B-5A2C3D4E5F60}.Debug|x86.Build.0 = Debug|Any CPU
		{B8D3E9E0-F1A4-4D8E-9C1B-5A2C3D4E5F60}.Release|Any CPU.ActiveCfg = Release|Any CPU
		{B8D3E9E0-F1A4-4D8E-9C1B-5A2C3D4E5F60}.Release|Any CPU.Build.0 = Release|Any CPU
		{B8D3E9E0-F1A4-4D8E-9C1B-5A2C3D4E5F60}.Release|x64.ActiveCfg = Release|Any CPU
		{B8D3E9E0-F1A4-4D8E-9C1B-5A2C3D4E5F60}.Release|x64.Build.0 = Release|Any CPU
		{B8D3E9E0-F1A4-4D8E-9C1B-5A2C3D4E5F60}.Release|x86.ActiveCfg = Release|Any CPU
		{B8D3E9E0-F1A4-4D8E-9C1B-5A2C3D4E5F60}.Release|x86.Build.0 = Release|Any CPU
		{D2E3F4A5-B6C7-D8E9-F0A1-B2C3D4E5F6A7}.Debug|Any CPU.ActiveCfg = Debug|Any CPU
		{D2E3F4A5-B6C7-D8E9-F0A1-B2C3D4E5F6A7}.Debug|Any CPU.Build.0 = Debug|Any CPU
		{D2E3F4A5-B6C7-D8E9-F0A1-B2C3D4E5F6A7}.Debug|x64.ActiveCfg = Debug|Any CPU
		{D2E3F4A5-B6C7-D8E9-F0A1-B2C3D4E5F6A7}.Debug|x64.Build.0 = Debug|Any CPU
		{D2E3F4A5-B6C7-D8E9-F0A1-B2C3D4E5F6A7}.Debug|x86.ActiveCfg = Debug|Any CPU
		{D2E3F4A5-B6C7-D8E9-F0A1-B2C3D4E5F6A7}.Debug|x86.Build.0 = Debug|Any CPU
		{D2E3F4A5-B6C7-D8E9-F0A1-B2C3D4E5F6A7}.Release|Any CPU.ActiveCfg = Release|Any CPU
		{D2E3F4A5-B6C7-D8E9-F0A1-B2C3D4E5F6A7}.Release|Any CPU.Build.0 = Release|Any CPU
		{D2E3F4A5-B6C7-D8E9-F0A1-B2C3D4E5F6A7}.Release|x64.ActiveCfg = Release|Any CPU
		{D2E3F4A5-B6C7-D8E9-F0A1-B2C3D4E5F6A7}.Release|x64.Build.0 = Release|Any CPU
		{D2E3F4A5-B6C7-D8E9-F0A1-B2C3D4E5F6A7}.Release|x86.ActiveCfg = Release|Any CPU
		{D2E3F4A5-B6C7-D8E9-F0A1-B2C3D4E5F6A7}.Release|x86.Build.0 = Release|Any CPU
		{BBF5C18E-8B90-4046-BB14-BA60914DE93B}.Debug|Any CPU.ActiveCfg = Debug|Any CPU
		{BBF5C18E-8B90-4046-BB14-BA60914DE93B}.Debug|Any CPU.Build.0 = Debug|Any CPU
		{BBF5C18E-8B90-4046-BB14-BA60914DE93B}.Debug|x64.ActiveCfg = Debug|Any CPU
		{BBF5C18E-8B90-4046-BB14-BA60914DE93B}.Debug|x64.Build.0 = Debug|Any CPU
		{BBF5C18E-8B90-4046-BB14-BA60914DE93B}.Debug|x86.ActiveCfg = Debug|Any CPU
		{BBF5C18E-8B90-4046-BB14-BA60914DE93B}.Debug|x86.Build.0 = Debug|Any CPU
		{BBF5C18E-8B90-4046-BB14-BA60914DE93B}.Release|Any CPU.ActiveCfg = Release|Any CPU
		{BBF5C18E-8B90-4046-BB14-BA60914DE93B}.Release|Any CPU.Build.0 = Release|Any CPU
		{BBF5C18E-8B90-4046-BB14-BA60914DE93B}.Release|x64.ActiveCfg = Release|Any CPU
		{BBF5C18E-8B90-4046-BB14-BA60914DE93B}.Release|x64.Build.0 = Release|Any CPU
		{BBF5C18E-8B90-4046-BB14-BA60914DE93B}.Release|x86.ActiveCfg = Release|Any CPU
		{BBF5C18E-8B90-4046-BB14-BA60914DE93B}.Release|x86.Build.0 = Release|Any CPU
		{9050CB7C-E552-40D9-B55F-22FFA3C2BD96}.Debug|Any CPU.ActiveCfg = Debug|Any CPU
		{9050CB7C-E552-40D9-B55F-22FFA3C2BD96}.Debug|Any CPU.Build.0 = Debug|Any CPU
		{9050CB7C-E552-40D9-B55F-22FFA3C2BD96}.Debug|x64.ActiveCfg = Debug|Any CPU
		{9050CB7C-E552-40D9-B55F-22FFA3C2BD96}.Debug|x64.Build.0 = Debug|Any CPU
		{9050CB7C-E552-40D9-B55F-22FFA3C2BD96}.Debug|x86.ActiveCfg = Debug|Any CPU
		{9050CB7C-E552-40D9-B55F-22FFA3C2BD96}.Debug|x86.Build.0 = Debug|Any CPU
		{9050CB7C-E552-40D9-B55F-22FFA3C2BD96}.Release|Any CPU.ActiveCfg = Release|Any CPU
		{9050CB7C-E552-40D9-B55F-22FFA3C2BD96}.Release|Any CPU.Build.0 = Release|Any CPU
		{9050CB7C-E552-40D9-B55F-22FFA3C2BD96}.Release|x64.ActiveCfg = Release|Any CPU
		{9050CB7C-E552-40D9-B55F-22FFA3C2BD96}.Release|x64.Build.0 = Release|Any CPU
		{9050CB7C-E552-40D9-B55F-22FFA3C2BD96}.Release|x86.ActiveCfg = Release|Any CPU
		{9050CB7C-E552-40D9-B55F-22FFA3C2BD96}.Release|x86.Build.0 = Release|Any CPU
		{D8B73676-68AC-4EEC-BA85-5DE20FE753F0}.Debug|Any CPU.ActiveCfg = Debug|Any CPU
		{D8B73676-68AC-4EEC-BA85-5DE20FE753F0}.Debug|Any CPU.Build.0 = Debug|Any CPU
		{D8B73676-68AC-4EEC-BA85-5DE20FE753F0}.Debug|x64.ActiveCfg = Debug|Any CPU
		{D8B73676-68AC-4EEC-BA85-5DE20FE753F0}.Debug|x64.Build.0 = Debug|Any CPU
		{D8B73676-68AC-4EEC-BA85-5DE20FE753F0}.Debug|x86.ActiveCfg = Debug|Any CPU
		{D8B73676-68AC-4EEC-BA85-5DE20FE753F0}.Debug|x86.Build.0 = Debug|Any CPU
		{D8B73676-68AC-4EEC-BA85-5DE20FE753F0}.Release|Any CPU.ActiveCfg = Release|Any CPU
		{D8B73676-68AC-4EEC-BA85-5DE20FE753F0}.Release|Any CPU.Build.0 = Release|Any CPU
		{D8B73676-68AC-4EEC-BA85-5DE20FE753F0}.Release|x64.ActiveCfg = Release|Any CPU
		{D8B73676-68AC-4EEC-BA85-5DE20FE753F0}.Release|x64.Build.0 = Release|Any CPU
		{D8B73676-68AC-4EEC-BA85-5DE20FE753F0}.Release|x86.ActiveCfg = Release|Any CPU
		{D8B73676-68AC-4EEC-BA85-5DE20FE753F0}.Release|x86.Build.0 = Release|Any CPU
		{7BA07D9F-EDED-4F42-A20C-99AC3625EE53}.Debug|Any CPU.ActiveCfg = Debug|Any CPU
		{7BA07D9F-EDED-4F42-A20C-99AC3625EE53}.Debug|Any CPU.Build.0 = Debug|Any CPU
		{7BA07D9F-EDED-4F42-A20C-99AC3625EE53}.Debug|x64.ActiveCfg = Debug|Any CPU
		{7BA07D9F-EDED-4F42-A20C-99AC3625EE53}.Debug|x64.Build.0 = Debug|Any CPU
		{7BA07D9F-EDED-4F42-A20C-99AC3625EE53}.Debug|x86.ActiveCfg = Debug|Any CPU
		{7BA07D9F-EDED-4F42-A20C-99AC3625EE53}.Debug|x86.Build.0 = Debug|Any CPU
		{7BA07D9F-EDED-4F42-A20C-99AC3625EE53}.Release|Any CPU.ActiveCfg = Release|Any CPU
		{7BA07D9F-EDED-4F42-A20C-99AC3625EE53}.Release|Any CPU.Build.0 = Release|Any CPU
		{7BA07D9F-EDED-4F42-A20C-99AC3625EE53}.Release|x64.ActiveCfg = Release|Any CPU
		{7BA07D9F-EDED-4F42-A20C-99AC3625EE53}.Release|x64.Build.0 = Release|Any CPU
		{7BA07D9F-EDED-4F42-A20C-99AC3625EE53}.Release|x86.ActiveCfg = Release|Any CPU
		{7BA07D9F-EDED-4F42-A20C-99AC3625EE53}.Release|x86.Build.0 = Release|Any CPU
		{B61C8472-BEE1-42BF-ACEA-71F567905287}.Debug|Any CPU.ActiveCfg = Debug|Any CPU
		{B61C8472-BEE1-42BF-ACEA-71F567905287}.Debug|Any CPU.Build.0 = Debug|Any CPU
		{B61C8472-BEE1-42BF-ACEA-71F567905287}.Debug|x64.ActiveCfg = Debug|Any CPU
		{B61C8472-BEE1-42BF-ACEA-71F567905287}.Debug|x64.Build.0 = Debug|Any CPU
		{B61C8472-BEE1-42BF-ACEA-71F567905287}.Debug|x86.ActiveCfg = Debug|Any CPU
		{B61C8472-BEE1-42BF-ACEA-71F567905287}.Debug|x86.Build.0 = Debug|Any CPU
		{B61C8472-BEE1-42BF-ACEA-71F567905287}.Release|Any CPU.ActiveCfg = Release|Any CPU
		{B61C8472-BEE1-42BF-ACEA-71F567905287}.Release|Any CPU.Build.0 = Release|Any CPU
		{B61C8472-BEE1-42BF-ACEA-71F567905287}.Release|x64.ActiveCfg = Release|Any CPU
		{B61C8472-BEE1-42BF-ACEA-71F567905287}.Release|x64.Build.0 = Release|Any CPU
		{B61C8472-BEE1-42BF-ACEA-71F567905287}.Release|x86.ActiveCfg = Release|Any CPU
		{B61C8472-BEE1-42BF-ACEA-71F567905287}.Release|x86.Build.0 = Release|Any CPU
		{DC2F9C22-D69D-42EC-B153-C24A4DA41C06}.Debug|Any CPU.ActiveCfg = Debug|Any CPU
		{DC2F9C22-D69D-42EC-B153-C24A4DA41C06}.Debug|Any CPU.Build.0 = Debug|Any CPU
		{DC2F9C22-D69D-42EC-B153-C24A4DA41C06}.Debug|x64.ActiveCfg = Debug|Any CPU
		{DC2F9C22-D69D-42EC-B153-C24A4DA41C06}.Debug|x64.Build.0 = Debug|Any CPU
		{DC2F9C22-D69D-42EC-B153-C24A4DA41C06}.Debug|x86.ActiveCfg = Debug|Any CPU
		{DC2F9C22-D69D-42EC-B153-C24A4DA41C06}.Debug|x86.Build.0 = Debug|Any CPU
		{DC2F9C22-D69D-42EC-B153-C24A4DA41C06}.Release|Any CPU.ActiveCfg = Release|Any CPU
		{DC2F9C22-D69D-42EC-B153-C24A4DA41C06}.Release|Any CPU.Build.0 = Release|Any CPU
		{DC2F9C22-D69D-42EC-B153-C24A4DA41C06}.Release|x64.ActiveCfg = Release|Any CPU
		{DC2F9C22-D69D-42EC-B153-C24A4DA41C06}.Release|x64.Build.0 = Release|Any CPU
		{DC2F9C22-D69D-42EC-B153-C24A4DA41C06}.Release|x86.ActiveCfg = Release|Any CPU
		{DC2F9C22-D69D-42EC-B153-C24A4DA41C06}.Release|x86.Build.0 = Release|Any CPU
		{07C230D2-98F8-4D3C-9EF7-52179F098920}.Debug|Any CPU.ActiveCfg = Debug|Any CPU
		{07C230D2-98F8-4D3C-9EF7-52179F098920}.Debug|Any CPU.Build.0 = Debug|Any CPU
		{07C230D2-98F8-4D3C-9EF7-52179F098920}.Debug|x64.ActiveCfg = Debug|Any CPU
		{07C230D2-98F8-4D3C-9EF7-52179F098920}.Debug|x64.Build.0 = Debug|Any CPU
		{07C230D2-98F8-4D3C-9EF7-52179F098920}.Debug|x86.ActiveCfg = Debug|Any CPU
		{07C230D2-98F8-4D3C-9EF7-52179F098920}.Debug|x86.Build.0 = Debug|Any CPU
		{07C230D2-98F8-4D3C-9EF7-52179F098920}.Release|Any CPU.ActiveCfg = Release|Any CPU
		{07C230D2-98F8-4D3C-9EF7-52179F098920}.Release|Any CPU.Build.0 = Release|Any CPU
		{07C230D2-98F8-4D3C-9EF7-52179F098920}.Release|x64.ActiveCfg = Release|Any CPU
		{07C230D2-98F8-4D3C-9EF7-52179F098920}.Release|x64.Build.0 = Release|Any CPU
		{07C230D2-98F8-4D3C-9EF7-52179F098920}.Release|x86.ActiveCfg = Release|Any CPU
		{07C230D2-98F8-4D3C-9EF7-52179F098920}.Release|x86.Build.0 = Release|Any CPU
	EndGlobalSection
	GlobalSection(SolutionProperties) = preSolution
		HideSolutionNode = FALSE
	EndGlobalSection
	GlobalSection(NestedProjects) = preSolution
		{B8D3E9E0-F1A4-4D8E-9C1B-5A2C3D4E5F60} = {A1B2C3D4-E5F6-A7B8-C9D0-E1F2A3B4C5D6}
		{D2E3F4A5-B6C7-D8E9-F0A1-B2C3D4E5F6A7} = {A1B2C3D4-E5F6-A7B8-C9D0-E1F2A3B4C5D6}
		{BBF5C18E-8B90-4046-BB14-BA60914DE93B} = {A1B2C3D4-E5F6-A7B8-C9D0-E1F2A3B4C5D6}
		{9050CB7C-E552-40D9-B55F-22FFA3C2BD96} = {A1B2C3D4-E5F6-A7B8-C9D0-E1F2A3B4C5D6}
		{D8B73676-68AC-4EEC-BA85-5DE20FE753F0} = {A1B2C3D4-E5F6-A7B8-C9D0-E1F2A3B4C5D6}
		{7BA07D9F-EDED-4F42-A20C-99AC3625EE53} = {A1B2C3D4-E5F6-A7B8-C9D0-E1F2A3B4C5D6}
		{B61C8472-BEE1-42BF-ACEA-71F567905287} = {0AB3BF05-4346-4AA6-1389-037BE0695223}
		{DC2F9C22-D69D-42EC-B153-C24A4DA41C06} = {0AB3BF05-4346-4AA6-1389-037BE0695223}
		{07C230D2-98F8-4D3C-9EF7-52179F098920} = {0AB3BF05-4346-4AA6-1389-037BE0695223}
	EndGlobalSection
EndGlobal
